
Microsoft Visual Studio Solution File, Format Version 12.00
# Visual Studio 15
VisualStudioVersion = 15.0.28010.2050
MinimumVisualStudioVersion = 10.0.40219.1
Project("{FAE04EC0-301F-11D3-BF4B-00C04F79EFBC}") = "NetCore.NewFeature.Benchmark", "NetCore.NewFeature.Benchmark\NetCore.NewFeature.Benchmark.csproj", "{716C5787-136C-4284-AD2A-F96C0FFC9E25}"
EndProject
Global
	GlobalSection(SolutionConfigurationPlatforms) = preSolution
		Debug|Any CPU = Debug|Any CPU
		Release|Any CPU = Release|Any CPU
	EndGlobalSection
	GlobalSection(ProjectConfigurationPlatforms) = postSolution
		{716C5787-136C-4284-AD2A-F96C0FFC9E25}.Debug|Any CPU.ActiveCfg = Debug|Any CPU
		{716C5787-136C-4284-AD2A-F96C0FFC9E25}.Debug|Any CPU.Build.0 = Debug|Any CPU
		{716C5787-136C-4284-AD2A-F96C0FFC9E25}.Release|Any CPU.ActiveCfg = Release|Any CPU
		{716C5787-136C-4284-AD2A-F96C0FFC9E25}.Release|Any CPU.Build.0 = Release|Any CPU
	EndGlobalSection
	GlobalSection(SolutionProperties) = preSolution
		HideSolutionNode = FALSE
	EndGlobalSection
	GlobalSection(ExtensibilityGlobals) = postSolution
		SolutionGuid = {7B126D3C-6C0C-434C-92AD-63584AFDE065}
	EndGlobalSection
EndGlobal
